// !$*UTF8*$!
{
	archiveVersion = 1;
	classes = {
	};
	objectVersion = 56;
	objects = {

/* Begin PBXBuildFile section */
		B399DF9F29E6416F004A8D8F /* Cart_CrunchApp.swift in Sources */ = {isa = PBXBuildFile; fileRef = B399DF9E29E6416F004A8D8F /* Cart_CrunchApp.swift */; };
		B399DFA129E6416F004A8D8F /* ContentView.swift in Sources */ = {isa = PBXBuildFile; fileRef = B399DFA029E6416F004A8D8F /* ContentView.swift */; };
		B399DFA329E64170004A8D8F /* Assets.xcassets in Resources */ = {isa = PBXBuildFile; fileRef = B399DFA229E64170004A8D8F /* Assets.xcassets */; };
		B399DFA629E64170004A8D8F /* Preview Assets.xcassets in Resources */ = {isa = PBXBuildFile; fileRef = B399DFA529E64170004A8D8F /* Preview Assets.xcassets */; };
		B399DFA829E64170004A8D8F /* Persistence.swift in Sources */ = {isa = PBXBuildFile; fileRef = B399DFA729E64170004A8D8F /* Persistence.swift */; };
		B399DFAB29E64170004A8D8F /* Cart_Crunch.xcdatamodeld in Sources */ = {isa = PBXBuildFile; fileRef = B399DFA929E64170004A8D8F /* Cart_Crunch.xcdatamodeld */; };
		B399DFB629E64170004A8D8F /* Cart_CrunchTests.swift in Sources */ = {isa = PBXBuildFile; fileRef = B399DFB529E64170004A8D8F /* Cart_CrunchTests.swift */; };
		B399DFC029E64170004A8D8F /* Cart_CrunchUITests.swift in Sources */ = {isa = PBXBuildFile; fileRef = B399DFBF29E64170004A8D8F /* Cart_CrunchUITests.swift */; };
		B399DFC229E64170004A8D8F /* Cart_CrunchUITestsLaunchTests.swift in Sources */ = {isa = PBXBuildFile; fileRef = B399DFC129E64170004A8D8F /* Cart_CrunchUITestsLaunchTests.swift */; };
/* End PBXBuildFile section */

/* Begin PBXContainerItemProxy section */
		B399DFB229E64170004A8D8F /* PBXContainerItemProxy */ = {
			isa = PBXContainerItemProxy;
			containerPortal = B399DF9329E6416F004A8D8F /* Project object */;
			proxyType = 1;
			remoteGlobalIDString = B399DF9A29E6416F004A8D8F;
			remoteInfo = "Cart Crunch";
		};
		B399DFBC29E64170004A8D8F /* PBXContainerItemProxy */ = {
			isa = PBXContainerItemProxy;
			containerPortal = B399DF9329E6416F004A8D8F /* Project object */;
			proxyType = 1;
			remoteGlobalIDString = B399DF9A29E6416F004A8D8F;
			remoteInfo = "Cart Crunch";
		};
/* End PBXContainerItemProxy section */

/* Begin PBXFileReference section */
		B399DF9B29E6416F004A8D8F /* Cart Crunch.app */ = {isa = PBXFileReference; explicitFileType = wrapper.application; includeInIndex = 0; path = "Cart Crunch.app"; sourceTree = BUILT_PRODUCTS_DIR; };
		B399DF9E29E6416F004A8D8F /* Cart_CrunchApp.swift */ = {isa = PBXFileReference; lastKnownFileType = sourcecode.swift; path = Cart_CrunchApp.swift; sourceTree = "<group>"; };
		B399DFA029E6416F004A8D8F /* ContentView.swift */ = {isa = PBXFileReference; lastKnownFileType = sourcecode.swift; path = ContentView.swift; sourceTree = "<group>"; };
		B399DFA229E64170004A8D8F /* Assets.xcassets */ = {isa = PBXFileReference; lastKnownFileType = folder.assetcatalog; path = Assets.xcassets; sourceTree = "<group>"; };
		B399DFA529E64170004A8D8F /* Preview Assets.xcassets */ = {isa = PBXFileReference; lastKnownFileType = folder.assetcatalog; path = "Preview Assets.xcassets"; sourceTree = "<group>"; };
		B399DFA729E64170004A8D8F /* Persistence.swift */ = {isa = PBXFileReference; lastKnownFileType = sourcecode.swift; path = Persistence.swift; sourceTree = "<group>"; };
		B399DFAA29E64170004A8D8F /* Cart_Crunch.xcdatamodel */ = {isa = PBXFileReference; lastKnownFileType = wrapper.xcdatamodel; path = Cart_Crunch.xcdatamodel; sourceTree = "<group>"; };
		B399DFAC29E64170004A8D8F /* Info.plist */ = {isa = PBXFileReference; lastKnownFileType = text.plist.xml; path = Info.plist; sourceTree = "<group>"; };
		B399DFB129E64170004A8D8F /* Cart CrunchTests.xctest */ = {isa = PBXFileReference; explicitFileType = wrapper.cfbundle; includeInIndex = 0; path = "Cart CrunchTests.xctest"; sourceTree = BUILT_PRODUCTS_DIR; };
		B399DFB529E64170004A8D8F /* Cart_CrunchTests.swift */ = {isa = PBXFileReference; lastKnownFileType = sourcecode.swift; path = Cart_CrunchTests.swift; sourceTree = "<group>"; };
		B399DFBB29E64170004A8D8F /* Cart CrunchUITests.xctest */ = {isa = PBXFileReference; explicitFileType = wrapper.cfbundle; includeInIndex = 0; path = "Cart CrunchUITests.xctest"; sourceTree = BUILT_PRODUCTS_DIR; };
		B399DFBF29E64170004A8D8F /* Cart_CrunchUITests.swift */ = {isa = PBXFileReference; lastKnownFileType = sourcecode.swift; path = Cart_CrunchUITests.swift; sourceTree = "<group>"; };
		B399DFC129E64170004A8D8F /* Cart_CrunchUITestsLaunchTests.swift */ = {isa = PBXFileReference; lastKnownFileType = sourcecode.swift; path = Cart_CrunchUITestsLaunchTests.swift; sourceTree = "<group>"; };
/* End PBXFileReference section */

/* Begin PBXFrameworksBuildPhase section */
		B399DF9829E6416F004A8D8F /* Frameworks */ = {
			isa = PBXFrameworksBuildPhase;
			buildActionMask = 2147483647;
			files = (
			);
			runOnlyForDeploymentPostprocessing = 0;
		};
		B399DFAE29E64170004A8D8F /* Frameworks */ = {
			isa = PBXFrameworksBuildPhase;
			buildActionMask = 2147483647;
			files = (
			);
			runOnlyForDeploymentPostprocessing = 0;
		};
		B399DFB829E64170004A8D8F /* Frameworks */ = {
			isa = PBXFrameworksBuildPhase;
			buildActionMask = 2147483647;
			files = (
			);
			runOnlyForDeploymentPostprocessing = 0;
		};
/* End PBXFrameworksBuildPhase section */

/* Begin PBXGroup section */
		B399DF9229E6416F004A8D8F = {
			isa = PBXGroup;
			children = (
				B399DF9D29E6416F004A8D8F /* Cart Crunch */,
				B399DFB429E64170004A8D8F /* Cart CrunchTests */,
				B399DFBE29E64170004A8D8F /* Cart CrunchUITests */,
				B399DF9C29E6416F004A8D8F /* Products */,
			);
			sourceTree = "<group>";
		};
		B399DF9C29E6416F004A8D8F /* Products */ = {
			isa = PBXGroup;
			children = (
				B399DF9B29E6416F004A8D8F /* Cart Crunch.app */,
				B399DFB129E64170004A8D8F /* Cart CrunchTests.xctest */,
				B399DFBB29E64170004A8D8F /* Cart CrunchUITests.xctest */,
			);
			name = Products;
			sourceTree = "<group>";
		};
		B399DF9D29E6416F004A8D8F /* Cart Crunch */ = {
			isa = PBXGroup;
			children = (
				B399DF9E29E6416F004A8D8F /* Cart_CrunchApp.swift */,
				B399DFA029E6416F004A8D8F /* ContentView.swift */,
				B399DFA229E64170004A8D8F /* Assets.xcassets */,
				B399DFA729E64170004A8D8F /* Persistence.swift */,
				B399DFAC29E64170004A8D8F /* Info.plist */,
				B399DFA929E64170004A8D8F /* Cart_Crunch.xcdatamodeld */,
				B399DFA429E64170004A8D8F /* Preview Content */,
			);
			path = "Cart Crunch";
			sourceTree = "<group>";
		};
		B399DFA429E64170004A8D8F /* Preview Content */ = {
			isa = PBXGroup;
			children = (
				B399DFA529E64170004A8D8F /* Preview Assets.xcassets */,
			);
			path = "Preview Content";
			sourceTree = "<group>";
		};
		B399DFB429E64170004A8D8F /* Cart CrunchTests */ = {
			isa = PBXGroup;
			children = (
				B399DFB529E64170004A8D8F /* Cart_CrunchTests.swift */,
			);
			path = "Cart CrunchTests";
			sourceTree = "<group>";
		};
		B399DFBE29E64170004A8D8F /* Cart CrunchUITests */ = {
			isa = PBXGroup;
			children = (
				B399DFBF29E64170004A8D8F /* Cart_CrunchUITests.swift */,
				B399DFC129E64170004A8D8F /* Cart_CrunchUITestsLaunchTests.swift */,
			);
			path = "Cart CrunchUITests";
			sourceTree = "<group>";
		};
/* End PBXGroup section */

/* Begin PBXNativeTarget section */
		B399DF9A29E6416F004A8D8F /* Cart Crunch */ = {
			isa = PBXNativeTarget;
			buildConfigurationList = B399DFC529E64170004A8D8F /* Build configuration list for PBXNativeTarget "Cart Crunch" */;
			buildPhases = (
				B399DF9729E6416F004A8D8F /* Sources */,
				B399DF9829E6416F004A8D8F /* Frameworks */,
				B399DF9929E6416F004A8D8F /* Resources */,
			);
			buildRules = (
			);
			dependencies = (
			);
			name = "Cart Crunch";
			productName = "Cart Crunch";
			productReference = B399DF9B29E6416F004A8D8F /* Cart Crunch.app */;
			productType = "com.apple.product-type.application";
		};
		B399DFB029E64170004A8D8F /* Cart CrunchTests */ = {
			isa = PBXNativeTarget;
			buildConfigurationList = B399DFC829E64170004A8D8F /* Build configuration list for PBXNativeTarget "Cart CrunchTests" */;
			buildPhases = (
				B399DFAD29E64170004A8D8F /* Sources */,
				B399DFAE29E64170004A8D8F /* Frameworks */,
				B399DFAF29E64170004A8D8F /* Resources */,
			);
			buildRules = (
			);
			dependencies = (
				B399DFB329E64170004A8D8F /* PBXTargetDependency */,
			);
			name = "Cart CrunchTests";
			productName = "Cart CrunchTests";
			productReference = B399DFB129E64170004A8D8F /* Cart CrunchTests.xctest */;
			productType = "com.apple.product-type.bundle.unit-test";
		};
		B399DFBA29E64170004A8D8F /* Cart CrunchUITests */ = {
			isa = PBXNativeTarget;
			buildConfigurationList = B399DFCB29E64170004A8D8F /* Build configuration list for PBXNativeTarget "Cart CrunchUITests" */;
			buildPhases = (
				B399DFB729E64170004A8D8F /* Sources */,
				B399DFB829E64170004A8D8F /* Frameworks */,
				B399DFB929E64170004A8D8F /* Resources */,
			);
			buildRules = (
			);
			dependencies = (
				B399DFBD29E64170004A8D8F /* PBXTargetDependency */,
			);
			name = "Cart CrunchUITests";
			productName = "Cart CrunchUITests";
			productReference = B399DFBB29E64170004A8D8F /* Cart CrunchUITests.xctest */;
			productType = "com.apple.product-type.bundle.ui-testing";
		};
/* End PBXNativeTarget section */

/* Begin PBXProject section */
		B399DF9329E6416F004A8D8F /* Project object */ = {
			isa = PBXProject;
			attributes = {
				BuildIndependentTargetsInParallel = 1;
				LastSwiftUpdateCheck = 1430;
				LastUpgradeCheck = 1430;
				TargetAttributes = {
					B399DF9A29E6416F004A8D8F = {
						CreatedOnToolsVersion = 14.3;
					};
					B399DFB029E64170004A8D8F = {
						CreatedOnToolsVersion = 14.3;
						TestTargetID = B399DF9A29E6416F004A8D8F;
					};
					B399DFBA29E64170004A8D8F = {
						CreatedOnToolsVersion = 14.3;
						TestTargetID = B399DF9A29E6416F004A8D8F;
					};
				};
			};
			buildConfigurationList = B399DF9629E6416F004A8D8F /* Build configuration list for PBXProject "Cart Crunch" */;
			compatibilityVersion = "Xcode 14.0";
			developmentRegion = en;
			hasScannedForEncodings = 0;
			knownRegions = (
				en,
				Base,
			);
			mainGroup = B399DF9229E6416F004A8D8F;
			productRefGroup = B399DF9C29E6416F004A8D8F /* Products */;
			projectDirPath = "";
			projectRoot = "";
			targets = (
				B399DF9A29E6416F004A8D8F /* Cart Crunch */,
				B399DFB029E64170004A8D8F /* Cart CrunchTests */,
				B399DFBA29E64170004A8D8F /* Cart CrunchUITests */,
			);
		};
/* End PBXProject section */

/* Begin PBXResourcesBuildPhase section */
		B399DF9929E6416F004A8D8F /* Resources */ = {
			isa = PBXResourcesBuildPhase;
			buildActionMask = 2147483647;
			files = (
				B399DFA629E64170004A8D8F /* Preview Assets.xcassets in Resources */,
				B399DFA329E64170004A8D8F /* Assets.xcassets in Resources */,
			);
			runOnlyForDeploymentPostprocessing = 0;
		};
		B399DFAF29E64170004A8D8F /* Resources */ = {
			isa = PBXResourcesBuildPhase;
			buildActionMask = 2147483647;
			files = (
			);
			runOnlyForDeploymentPostprocessing = 0;
		};
		B399DFB929E64170004A8D8F /* Resources */ = {
			isa = PBXResourcesBuildPhase;
			buildActionMask = 2147483647;
			files = (
			);
			runOnlyForDeploymentPostprocessing = 0;
		};
/* End PBXResourcesBuildPhase section */

/* Begin PBXSourcesBuildPhase section */
		B399DF9729E6416F004A8D8F /* Sources */ = {
			isa = PBXSourcesBuildPhase;
			buildActionMask = 2147483647;
			files = (
				B399DFAB29E64170004A8D8F /* Cart_Crunch.xcdatamodeld in Sources */,
				B399DFA829E64170004A8D8F /* Persistence.swift in Sources */,
				B399DFA129E6416F004A8D8F /* ContentView.swift in Sources */,
				B399DF9F29E6416F004A8D8F /* Cart_CrunchApp.swift in Sources */,
			);
			runOnlyForDeploymentPostprocessing = 0;
		};
		B399DFAD29E64170004A8D8F /* Sources */ = {
			isa = PBXSourcesBuildPhase;
			buildActionMask = 2147483647;
			files = (
				B399DFB629E64170004A8D8F /* Cart_CrunchTests.swift in Sources */,
			);
			runOnlyForDeploymentPostprocessing = 0;
		};
		B399DFB729E64170004A8D8F /* Sources */ = {
			isa = PBXSourcesBuildPhase;
			buildActionMask = 2147483647;
			files = (
				B399DFC029E64170004A8D8F /* Cart_CrunchUITests.swift in Sources */,
				B399DFC229E64170004A8D8F /* Cart_CrunchUITestsLaunchTests.swift in Sources */,
			);
			runOnlyForDeploymentPostprocessing = 0;
		};
/* End PBXSourcesBuildPhase section */

/* Begin PBXTargetDependency section */
		B399DFB329E64170004A8D8F /* PBXTargetDependency */ = {
			isa = PBXTargetDependency;
			target = B399DF9A29E6416F004A8D8F /* Cart Crunch */;
			targetProxy = B399DFB229E64170004A8D8F /* PBXContainerItemProxy */;
		};
		B399DFBD29E64170004A8D8F /* PBXTargetDependency */ = {
			isa = PBXTargetDependency;
			target = B399DF9A29E6416F004A8D8F /* Cart Crunch */;
			targetProxy = B399DFBC29E64170004A8D8F /* PBXContainerItemProxy */;
		};
/* End PBXTargetDependency section */

/* Begin XCBuildConfiguration section */
		B399DFC329E64170004A8D8F /* Debug */ = {
			isa = XCBuildConfiguration;
			buildSettings = {
				ALWAYS_SEARCH_USER_PATHS = NO;
				CLANG_ANALYZER_NONNULL = YES;
				CLANG_ANALYZER_NUMBER_OBJECT_CONVERSION = YES_AGGRESSIVE;
				CLANG_CXX_LANGUAGE_STANDARD = "gnu++20";
				CLANG_ENABLE_MODULES = YES;
				CLANG_ENABLE_OBJC_ARC = YES;
				CLANG_ENABLE_OBJC_WEAK = YES;
				CLANG_WARN_BLOCK_CAPTURE_AUTORELEASING = YES;
				CLANG_WARN_BOOL_CONVERSION = YES;
				CLANG_WARN_COMMA = YES;
				CLANG_WARN_CONSTANT_CONVERSION = YES;
				CLANG_WARN_DEPRECATED_OBJC_IMPLEMENTATIONS = YES;
				CLANG_WARN_DIRECT_OBJC_ISA_USAGE = YES_ERROR;
				CLANG_WARN_DOCUMENTATION_COMMENTS = YES;
				CLANG_WARN_EMPTY_BODY = YES;
				CLANG_WARN_ENUM_CONVERSION = YES;
				CLANG_WARN_INFINITE_RECURSION = YES;
				CLANG_WARN_INT_CONVERSION = YES;
				CLANG_WARN_NON_LITERAL_NULL_CONVERSION = YES;
				CLANG_WARN_OBJC_IMPLICIT_RETAIN_SELF = YES;
				CLANG_WARN_OBJC_LITERAL_CONVERSION = YES;
				CLANG_WARN_OBJC_ROOT_CLASS = YES_ERROR;
				CLANG_WARN_QUOTED_INCLUDE_IN_FRAMEWORK_HEADER = YES;
				CLANG_WARN_RANGE_LOOP_ANALYSIS = YES;
				CLANG_WARN_STRICT_PROTOTYPES = YES;
				CLANG_WARN_SUSPICIOUS_MOVE = YES;
				CLANG_WARN_UNGUARDED_AVAILABILITY = YES_AGGRESSIVE;
				CLANG_WARN_UNREACHABLE_CODE = YES;
				CLANG_WARN__DUPLICATE_METHOD_MATCH = YES;
				COPY_PHASE_STRIP = NO;
				DEBUG_INFORMATION_FORMAT = dwarf;
				ENABLE_STRICT_OBJC_MSGSEND = YES;
				ENABLE_TESTABILITY = YES;
				GCC_C_LANGUAGE_STANDARD = gnu11;
				GCC_DYNAMIC_NO_PIC = NO;
				GCC_NO_COMMON_BLOCKS = YES;
				GCC_OPTIMIZATION_LEVEL = 0;
				GCC_PREPROCESSOR_DEFINITIONS = (
					"DEBUG=1",
					"$(inherited)",
				);
				GCC_WARN_64_TO_32_BIT_CONVERSION = YES;
				GCC_WARN_ABOUT_RETURN_TYPE = YES_ERROR;
				GCC_WARN_UNDECLARED_SELECTOR = YES;
				GCC_WARN_UNINITIALIZED_AUTOS = YES_AGGRESSIVE;
				GCC_WARN_UNUSED_FUNCTION = YES;
				GCC_WARN_UNUSED_VARIABLE = YES;
				IPHONEOS_DEPLOYMENT_TARGET = 16.4;
				MTL_ENABLE_DEBUG_INFO = INCLUDE_SOURCE;
				MTL_FAST_MATH = YES;
				ONLY_ACTIVE_ARCH = YES;
				SDKROOT = iphoneos;
				SWIFT_ACTIVE_COMPILATION_CONDITIONS = DEBUG;
				SWIFT_OPTIMIZATION_LEVEL = "-Onone";
			};
			name = Debug;
		};
		B399DFC429E64170004A8D8F /* Release */ = {
			isa = XCBuildConfiguration;
			buildSettings = {
				ALWAYS_SEARCH_USER_PATHS = NO;
				CLANG_ANALYZER_NONNULL = YES;
				CLANG_ANALYZER_NUMBER_OBJECT_CONVERSION = YES_AGGRESSIVE;
				CLANG_CXX_LANGUAGE_STANDARD = "gnu++20";
				CLANG_ENABLE_MODULES = YES;
				CLANG_ENABLE_OBJC_ARC = YES;
				CLANG_ENABLE_OBJC_WEAK = YES;
				CLANG_WARN_BLOCK_CAPTURE_AUTORELEASING = YES;
				CLANG_WARN_BOOL_CONVERSION = YES;
				CLANG_WARN_COMMA = YES;
				CLANG_WARN_CONSTANT_CONVERSION = YES;
				CLANG_WARN_DEPRECATED_OBJC_IMPLEMENTATIONS = YES;
				CLANG_WARN_DIRECT_OBJC_ISA_USAGE = YES_ERROR;
				CLANG_WARN_DOCUMENTATION_COMMENTS = YES;
				CLANG_WARN_EMPTY_BODY = YES;
				CLANG_WARN_ENUM_CONVERSION = YES;
				CLANG_WARN_INFINITE_RECURSION = YES;
				CLANG_WARN_INT_CONVERSION = YES;
				CLANG_WARN_NON_LITERAL_NULL_CONVERSION = YES;
				CLANG_WARN_OBJC_IMPLICIT_RETAIN_SELF = YES;
				CLANG_WARN_OBJC_LITERAL_CONVERSION = YES;
				CLANG_WARN_OBJC_ROOT_CLASS = YES_ERROR;
				CLANG_WARN_QUOTED_INCLUDE_IN_FRAMEWORK_HEADER = YES;
				CLANG_WARN_RANGE_LOOP_ANALYSIS = YES;
				CLANG_WARN_STRICT_PROTOTYPES = YES;
				CLANG_WARN_SUSPICIOUS_MOVE = YES;
				CLANG_WARN_UNGUARDED_AVAILABILITY = YES_AGGRESSIVE;
				CLANG_WARN_UNREACHABLE_CODE = YES;
				CLANG_WARN__DUPLICATE_METHOD_MATCH = YES;
				COPY_PHASE_STRIP = NO;
				DEBUG_INFORMATION_FORMAT = "dwarf-with-dsym";
				ENABLE_NS_ASSERTIONS = NO;
				ENABLE_STRICT_OBJC_MSGSEND = YES;
				GCC_C_LANGUAGE_STANDARD = gnu11;
				GCC_NO_COMMON_BLOCKS = YES;
				GCC_WARN_64_TO_32_BIT_CONVERSION = YES;
				GCC_WARN_ABOUT_RETURN_TYPE = YES_ERROR;
				GCC_WARN_UNDECLARED_SELECTOR = YES;
				GCC_WARN_UNINITIALIZED_AUTOS = YES_AGGRESSIVE;
				GCC_WARN_UNUSED_FUNCTION = YES;
				GCC_WARN_UNUSED_VARIABLE = YES;
				IPHONEOS_DEPLOYMENT_TARGET = 16.4;
				MTL_ENABLE_DEBUG_INFO = NO;
				MTL_FAST_MATH = YES;
				SDKROOT = iphoneos;
				SWIFT_COMPILATION_MODE = wholemodule;
				SWIFT_OPTIMIZATION_LEVEL = "-O";
				VALIDATE_PRODUCT = YES;
			};
			name = Release;
		};
		B399DFC629E64170004A8D8F /* Debug */ = {
			isa = XCBuildConfiguration;
			buildSettings = {
				ASSETCATALOG_COMPILER_APPICON_NAME = AppIcon;
				ASSETCATALOG_COMPILER_GLOBAL_ACCENT_COLOR_NAME = AccentColor;
				CODE_SIGN_STYLE = Automatic;
				CURRENT_PROJECT_VERSION = 1;
				DEVELOPMENT_ASSET_PATHS = "\"Cart Crunch/Preview Content\"";
				DEVELOPMENT_TEAM = XFG5L8LD8A;
				ENABLE_PREVIEWS = YES;
				GENERATE_INFOPLIST_FILE = YES;
				INFOPLIST_KEY_UIApplicationSceneManifest_Generation = YES;
				INFOPLIST_KEY_UIApplicationSupportsIndirectInputEvents = YES;
				INFOPLIST_KEY_UILaunchScreen_Generation = YES;
				INFOPLIST_KEY_UISupportedInterfaceOrientations_iPad = "UIInterfaceOrientationPortrait UIInterfaceOrientationPortraitUpsideDown UIInterfaceOrientationLandscapeLeft UIInterfaceOrientationLandscapeRight";
				INFOPLIST_KEY_UISupportedInterfaceOrientations_iPhone = "UIInterfaceOrientationPortrait UIInterfaceOrientationLandscapeLeft UIInterfaceOrientationLandscapeRight";
				LD_RUNPATH_SEARCH_PATHS = (
					"$(inherited)",
					"@executable_path/Frameworks",
				);
				MARKETING_VERSION = 1.0;
				PRODUCT_BUNDLE_IDENTIFIER = "TaeVon-Lewis.Cart-Crunch";
				PRODUCT_NAME = "$(TARGET_NAME)";
				SWIFT_EMIT_LOC_STRINGS = YES;
				SWIFT_VERSION = 5.0;
				TARGETED_DEVICE_FAMILY = "1,2";
			};
			name = Debug;
		};
		B399DFC729E64170004A8D8F /* Release */ = {
			isa = XCBuildConfiguration;
			buildSettings = {
				ASSETCATALOG_COMPILER_APPICON_NAME = AppIcon;
				ASSETCATALOG_COMPILER_GLOBAL_ACCENT_COLOR_NAME = AccentColor;
				CODE_SIGN_STYLE = Automatic;
				CURRENT_PROJECT_VERSION = 1;
				DEVELOPMENT_ASSET_PATHS = "\"Cart Crunch/Preview Content\"";
				DEVELOPMENT_TEAM = XFG5L8LD8A;
				ENABLE_PREVIEWS = YES;
				GENERATE_INFOPLIST_FILE = YES;
				INFOPLIST_KEY_UIApplicationSceneManifest_Generation = YES;
				INFOPLIST_KEY_UIApplicationSupportsIndirectInputEvents = YES;
				INFOPLIST_KEY_UILaunchScreen_Generation = YES;
				INFOPLIST_KEY_UISupportedInterfaceOrientations_iPad = "UIInterfaceOrientationPortrait UIInterfaceOrientationPortraitUpsideDown UIInterfaceOrientationLandscapeLeft UIInterfaceOrientationLandscapeRight";
				INFOPLIST_KEY_UISupportedInterfaceOrientations_iPhone = "UIInterfaceOrientationPortrait UIInterfaceOrientationLandscapeLeft UIInterfaceOrientationLandscapeRight";
				LD_RUNPATH_SEARCH_PATHS = (
					"$(inherited)",
					"@executable_path/Frameworks",
				);
				MARKETING_VERSION = 1.0;
				PRODUCT_BUNDLE_IDENTIFIER = "TaeVon-Lewis.Cart-Crunch";
				PRODUCT_NAME = "$(TARGET_NAME)";
				SWIFT_EMIT_LOC_STRINGS = YES;
				SWIFT_VERSION = 5.0;
				TARGETED_DEVICE_FAMILY = "1,2";
			};
			name = Release;
		};
		B399DFC929E64170004A8D8F /* Debug */ = {
			isa = XCBuildConfiguration;
			buildSettings = {
				ALWAYS_EMBED_SWIFT_STANDARD_LIBRARIES = YES;
				BUNDLE_LOADER = "$(TEST_HOST)";
				CODE_SIGN_STYLE = Automatic;
				CURRENT_PROJECT_VERSION = 1;
				DEVELOPMENT_TEAM = XFG5L8LD8A;
				GENERATE_INFOPLIST_FILE = YES;
				IPHONEOS_DEPLOYMENT_TARGET = 16.4;
				MARKETING_VERSION = 1.0;
				PRODUCT_BUNDLE_IDENTIFIER = "TaeVon-Lewis.Cart-CrunchTests";
				PRODUCT_NAME = "$(TARGET_NAME)";
				SWIFT_EMIT_LOC_STRINGS = NO;
				SWIFT_VERSION = 5.0;
				TARGETED_DEVICE_FAMILY = "1,2";
				TEST_HOST = "$(BUILT_PRODUCTS_DIR)/Cart Crunch.app/$(BUNDLE_EXECUTABLE_FOLDER_PATH)/Cart Crunch";
			};
			name = Debug;
		};
		B399DFCA29E64170004A8D8F /* Release */ = {
			isa = XCBuildConfiguration;
			buildSettings = {
				ALWAYS_EMBED_SWIFT_STANDARD_LIBRARIES = YES;
				BUNDLE_LOADER = "$(TEST_HOST)";
				CODE_SIGN_STYLE = Automatic;
				CURRENT_PROJECT_VERSION = 1;
				DEVELOPMENT_TEAM = XFG5L8LD8A;
				GENERATE_INFOPLIST_FILE = YES;
				IPHONEOS_DEPLOYMENT_TARGET = 16.4;
				MARKETING_VERSION = 1.0;
				PRODUCT_BUNDLE_IDENTIFIER = "TaeVon-Lewis.Cart-CrunchTests";
				PRODUCT_NAME = "$(TARGET_NAME)";
				SWIFT_EMIT_LOC_STRINGS = NO;
				SWIFT_VERSION = 5.0;
				TARGETED_DEVICE_FAMILY = "1,2";
				TEST_HOST = "$(BUILT_PRODUCTS_DIR)/Cart Crunch.app/$(BUNDLE_EXECUTABLE_FOLDER_PATH)/Cart Crunch";
			};
			name = Release;
		};
		B399DFCC29E64170004A8D8F /* Debug */ = {
			isa = XCBuildConfiguration;
			buildSettings = {
				ALWAYS_EMBED_SWIFT_STANDARD_LIBRARIES = YES;
				CODE_SIGN_STYLE = Automatic;
				CURRENT_PROJECT_VERSION = 1;
				DEVELOPMENT_TEAM = XFG5L8LD8A;
				GENERATE_INFOPLIST_FILE = YES;
				MARKETING_VERSION = 1.0;
				PRODUCT_BUNDLE_IDENTIFIER = "TaeVon-Lewis.Cart-CrunchUITests";
				PRODUCT_NAME = "$(TARGET_NAME)";
				SWIFT_EMIT_LOC_STRINGS = NO;
				SWIFT_VERSION = 5.0;
				TARGETED_DEVICE_FAMILY = "1,2";
				TEST_TARGET_NAME = "Cart Crunch";
			};
			name = Debug;
		};
		B399DFCD29E64170004A8D8F /* Release */ = {
			isa = XCBuildConfiguration;
			buildSettings = {
				ALWAYS_EMBED_SWIFT_STANDARD_LIBRARIES = YES;
				CODE_SIGN_STYLE = Automatic;
				CURRENT_PROJECT_VERSION = 1;
				DEVELOPMENT_TEAM = XFG5L8LD8A;
				GENERATE_INFOPLIST_FILE = YES;
				MARKETING_VERSION = 1.0;
				PRODUCT_BUNDLE_IDENTIFIER = "TaeVon-Lewis.Cart-CrunchUITests";
				PRODUCT_NAME = "$(TARGET_NAME)";
				SWIFT_EMIT_LOC_STRINGS = NO;
				SWIFT_VERSION = 5.0;
				TARGETED_DEVICE_FAMILY = "1,2";
				TEST_TARGET_NAME = "Cart Crunch";
			};
			name = Release;
		};
/* End XCBuildConfiguration section */

/* Begin XCConfigurationList section */
		B399DF9629E6416F004A8D8F /* Build configuration list for PBXProject "Cart Crunch" */ = {
			isa = XCConfigurationList;
			buildConfigurations = (
				B399DFC329E64170004A8D8F /* Debug */,
				B399DFC429E64170004A8D8F /* Release */,
			);
			defaultConfigurationIsVisible = 0;
			defaultConfigurationName = Release;
		};
		B399DFC529E64170004A8D8F /* Build configuration list for PBXNativeTarget "Cart Crunch" */ = {
			isa = XCConfigurationList;
			buildConfigurations = (
				B399DFC629E64170004A8D8F /* Debug */,
				B399DFC729E64170004A8D8F /* Release */,
			);
			defaultConfigurationIsVisible = 0;
			defaultConfigurationName = Release;
		};
		B399DFC829E64170004A8D8F /* Build configuration list for PBXNativeTarget "Cart CrunchTests" */ = {
			isa = XCConfigurationList;
			buildConfigurations = (
				B399DFC929E64170004A8D8F /* Debug */,
				B399DFCA29E64170004A8D8F /* Release */,
			);
			defaultConfigurationIsVisible = 0;
			defaultConfigurationName = Release;
		};
		B399DFCB29E64170004A8D8F /* Build configuration list for PBXNativeTarget "Cart CrunchUITests" */ = {
			isa = XCConfigurationList;
			buildConfigurations = (
				B399DFCC29E64170004A8D8F /* Debug */,
				B399DFCD29E64170004A8D8F /* Release */,
			);
			defaultConfigurationIsVisible = 0;
			defaultConfigurationName = Release;
		};
/* End XCConfigurationList section */

/* Begin XCVersionGroup section */
		B399DFA929E64170004A8D8F /* Cart_Crunch.xcdatamodeld */ = {
			isa = XCVersionGroup;
			children = (
				B399DFAA29E64170004A8D8F /* Cart_Crunch.xcdatamodel */,
			);
			currentVersion = B399DFAA29E64170004A8D8F /* Cart_Crunch.xcdatamodel */;
			path = Cart_Crunch.xcdatamodeld;
			sourceTree = "<group>";
			versionGroupType = wrapper.xcdatamodel;
		};
/* End XCVersionGroup section */
	};
	rootObject = B399DF9329E6416F004A8D8F /* Project object */;
}
