// !$*UTF8*$!
{
	archiveVersion = 1;
	classes = {
	};
	objectVersion = 56;
	objects = {

/* Begin PBXBuildFile section */
		B399DFDB29E6E169004A8D8F /* AppDelegate.swift in Sources */ = {isa = PBXBuildFile; fileRef = B399DFDA29E6E169004A8D8F /* AppDelegate.swift */; };
		B399DFDF29E6E169004A8D8F /* ProductDetailViewController.swift in Sources */ = {isa = PBXBuildFile; fileRef = B399DFDE29E6E169004A8D8F /* ProductDetailViewController.swift */; };
		B399DFE529E6E169004A8D8F /* Cart_Crunch.xcdatamodeld in Sources */ = {isa = PBXBuildFile; fileRef = B399DFE329E6E169004A8D8F /* Cart_Crunch.xcdatamodeld */; };
		B399DFE729E6E16A004A8D8F /* Assets.xcassets in Resources */ = {isa = PBXBuildFile; fileRef = B399DFE629E6E16A004A8D8F /* Assets.xcassets */; };
		B399DFEA29E6E16A004A8D8F /* LaunchScreen.storyboard in Resources */ = {isa = PBXBuildFile; fileRef = B399DFE829E6E16A004A8D8F /* LaunchScreen.storyboard */; };
		B399DFF529E6E16A004A8D8F /* Cart_CrunchTests.swift in Sources */ = {isa = PBXBuildFile; fileRef = B399DFF429E6E16A004A8D8F /* Cart_CrunchTests.swift */; };
		B399DFFF29E6E16A004A8D8F /* Cart_CrunchUITests.swift in Sources */ = {isa = PBXBuildFile; fileRef = B399DFFE29E6E16A004A8D8F /* Cart_CrunchUITests.swift */; };
		B399E00129E6E16A004A8D8F /* Cart_CrunchUITestsLaunchTests.swift in Sources */ = {isa = PBXBuildFile; fileRef = B399E00029E6E16A004A8D8F /* Cart_CrunchUITestsLaunchTests.swift */; };
		B399E00E29E6F78A004A8D8F /* SceneDelegate.swift in Sources */ = {isa = PBXBuildFile; fileRef = B399E00D29E6F78A004A8D8F /* SceneDelegate.swift */; };
		B399E01129E70056004A8D8F /* NetworkManager.swift in Sources */ = {isa = PBXBuildFile; fileRef = B399E01029E70056004A8D8F /* NetworkManager.swift */; };
		B399E01429E708ED004A8D8F /* Product.swift in Sources */ = {isa = PBXBuildFile; fileRef = B399E01329E708ED004A8D8F /* Product.swift */; };
		B399E01629E70E24004A8D8F /* LocationManager.swift in Sources */ = {isa = PBXBuildFile; fileRef = B399E01529E70E24004A8D8F /* LocationManager.swift */; };
		B399E01829E70F87004A8D8F /* Store.swift in Sources */ = {isa = PBXBuildFile; fileRef = B399E01729E70F87004A8D8F /* Store.swift */; };
		B399E02629F0606D004A8D8F /* User.swift in Sources */ = {isa = PBXBuildFile; fileRef = B399E02529F0606D004A8D8F /* User.swift */; };
		B399E02929F060AB004A8D8F /* ParseSwift in Frameworks */ = {isa = PBXBuildFile; productRef = B399E02829F060AB004A8D8F /* ParseSwift */; };
		B399E02B29F060E4004A8D8F /* .gitignore in Resources */ = {isa = PBXBuildFile; fileRef = B399E02A29F060E4004A8D8F /* .gitignore */; };
		E396B4F729E76F2E006E737E /* Constants.swift in Sources */ = {isa = PBXBuildFile; fileRef = E396B4F629E76F2E006E737E /* Constants.swift */; };
		FD54F1C729E6FDDA00315F99 /* SearchViewController.swift in Sources */ = {isa = PBXBuildFile; fileRef = FD54F1C629E6FDDA00315F99 /* SearchViewController.swift */; };
		FD54F1C929E6FDF500315F99 /* WatchListViewController.swift in Sources */ = {isa = PBXBuildFile; fileRef = FD54F1C829E6FDF500315F99 /* WatchListViewController.swift */; };
		FD54F1CB29E6FE0700315F99 /* SettingsViewController.swift in Sources */ = {isa = PBXBuildFile; fileRef = FD54F1CA29E6FE0700315F99 /* SettingsViewController.swift */; };
		FDB6CEAE29E73C3E00C407F1 /* HomeScreenViewController.swift in Sources */ = {isa = PBXBuildFile; fileRef = FDB6CEAD29E73C3E00C407F1 /* HomeScreenViewController.swift */; };
		FDBD45AC29F03A12009A09D2 /* Nuke in Frameworks */ = {isa = PBXBuildFile; productRef = FDBD45AB29F03A12009A09D2 /* Nuke */; };
		FDDCD35429EDD248001375C1 /* StoreLocatorViewController.swift in Sources */ = {isa = PBXBuildFile; fileRef = FDDCD35329EDD248001375C1 /* StoreLocatorViewController.swift */; };
		FDDCD35629EDE89B001375C1 /* HomeScreenTableViewCell.swift in Sources */ = {isa = PBXBuildFile; fileRef = FDDCD35529EDE89B001375C1 /* HomeScreenTableViewCell.swift */; };
/* End PBXBuildFile section */

/* Begin PBXContainerItemProxy section */
		B399DFF129E6E16A004A8D8F /* PBXContainerItemProxy */ = {
			isa = PBXContainerItemProxy;
			containerPortal = B399DFCF29E6E169004A8D8F /* Project object */;
			proxyType = 1;
			remoteGlobalIDString = B399DFD629E6E169004A8D8F;
			remoteInfo = "Cart Crunch";
		};
		B399DFFB29E6E16A004A8D8F /* PBXContainerItemProxy */ = {
			isa = PBXContainerItemProxy;
			containerPortal = B399DFCF29E6E169004A8D8F /* Project object */;
			proxyType = 1;
			remoteGlobalIDString = B399DFD629E6E169004A8D8F;
			remoteInfo = "Cart Crunch";
		};
/* End PBXContainerItemProxy section */

/* Begin PBXFileReference section */
		B399DFD729E6E169004A8D8F /* Cart Crunch.app */ = {isa = PBXFileReference; explicitFileType = wrapper.application; includeInIndex = 0; path = "Cart Crunch.app"; sourceTree = BUILT_PRODUCTS_DIR; };
		B399DFDA29E6E169004A8D8F /* AppDelegate.swift */ = {isa = PBXFileReference; lastKnownFileType = sourcecode.swift; path = AppDelegate.swift; sourceTree = "<group>"; };
		B399DFDE29E6E169004A8D8F /* ProductDetailViewController.swift */ = {isa = PBXFileReference; lastKnownFileType = sourcecode.swift; path = ProductDetailViewController.swift; sourceTree = "<group>"; };
		B399DFE429E6E169004A8D8F /* Cart_Crunch.xcdatamodel */ = {isa = PBXFileReference; lastKnownFileType = wrapper.xcdatamodel; path = Cart_Crunch.xcdatamodel; sourceTree = "<group>"; };
		B399DFE629E6E16A004A8D8F /* Assets.xcassets */ = {isa = PBXFileReference; lastKnownFileType = folder.assetcatalog; path = Assets.xcassets; sourceTree = "<group>"; };
		B399DFE929E6E16A004A8D8F /* Base */ = {isa = PBXFileReference; lastKnownFileType = file.storyboard; name = Base; path = Base.lproj/LaunchScreen.storyboard; sourceTree = "<group>"; };
		B399DFEB29E6E16A004A8D8F /* Info.plist */ = {isa = PBXFileReference; lastKnownFileType = text.plist.xml; path = Info.plist; sourceTree = "<group>"; };
		B399DFF029E6E16A004A8D8F /* Cart CrunchTests.xctest */ = {isa = PBXFileReference; explicitFileType = wrapper.cfbundle; includeInIndex = 0; path = "Cart CrunchTests.xctest"; sourceTree = BUILT_PRODUCTS_DIR; };
		B399DFF429E6E16A004A8D8F /* Cart_CrunchTests.swift */ = {isa = PBXFileReference; lastKnownFileType = sourcecode.swift; path = Cart_CrunchTests.swift; sourceTree = "<group>"; };
		B399DFFA29E6E16A004A8D8F /* Cart CrunchUITests.xctest */ = {isa = PBXFileReference; explicitFileType = wrapper.cfbundle; includeInIndex = 0; path = "Cart CrunchUITests.xctest"; sourceTree = BUILT_PRODUCTS_DIR; };
		B399DFFE29E6E16A004A8D8F /* Cart_CrunchUITests.swift */ = {isa = PBXFileReference; lastKnownFileType = sourcecode.swift; path = Cart_CrunchUITests.swift; sourceTree = "<group>"; };
		B399E00029E6E16A004A8D8F /* Cart_CrunchUITestsLaunchTests.swift */ = {isa = PBXFileReference; lastKnownFileType = sourcecode.swift; path = Cart_CrunchUITestsLaunchTests.swift; sourceTree = "<group>"; };
		B399E00D29E6F78A004A8D8F /* SceneDelegate.swift */ = {isa = PBXFileReference; lastKnownFileType = sourcecode.swift; path = SceneDelegate.swift; sourceTree = "<group>"; };
		B399E01029E70056004A8D8F /* NetworkManager.swift */ = {isa = PBXFileReference; lastKnownFileType = sourcecode.swift; path = NetworkManager.swift; sourceTree = "<group>"; };
		B399E01329E708ED004A8D8F /* Product.swift */ = {isa = PBXFileReference; lastKnownFileType = sourcecode.swift; path = Product.swift; sourceTree = "<group>"; };
		B399E01529E70E24004A8D8F /* LocationManager.swift */ = {isa = PBXFileReference; lastKnownFileType = sourcecode.swift; path = LocationManager.swift; sourceTree = "<group>"; };
		B399E01729E70F87004A8D8F /* Store.swift */ = {isa = PBXFileReference; lastKnownFileType = sourcecode.swift; path = Store.swift; sourceTree = "<group>"; };
		B399E02529F0606D004A8D8F /* User.swift */ = {isa = PBXFileReference; lastKnownFileType = sourcecode.swift; path = User.swift; sourceTree = "<group>"; };
		B399E02A29F060E4004A8D8F /* .gitignore */ = {isa = PBXFileReference; lastKnownFileType = text; path = .gitignore; sourceTree = "<group>"; };
		E396B4F629E76F2E006E737E /* Constants.swift */ = {isa = PBXFileReference; lastKnownFileType = sourcecode.swift; path = Constants.swift; sourceTree = "<group>"; };
		FD54F1C629E6FDDA00315F99 /* SearchViewController.swift */ = {isa = PBXFileReference; lastKnownFileType = sourcecode.swift; path = SearchViewController.swift; sourceTree = "<group>"; };
		FD54F1C829E6FDF500315F99 /* WatchListViewController.swift */ = {isa = PBXFileReference; lastKnownFileType = sourcecode.swift; path = WatchListViewController.swift; sourceTree = "<group>"; };
		FD54F1CA29E6FE0700315F99 /* SettingsViewController.swift */ = {isa = PBXFileReference; lastKnownFileType = sourcecode.swift; path = SettingsViewController.swift; sourceTree = "<group>"; };
		FDB6CEAD29E73C3E00C407F1 /* HomeScreenViewController.swift */ = {isa = PBXFileReference; lastKnownFileType = sourcecode.swift; path = HomeScreenViewController.swift; sourceTree = "<group>"; };
		FDDCD35329EDD248001375C1 /* StoreLocatorViewController.swift */ = {isa = PBXFileReference; lastKnownFileType = sourcecode.swift; path = StoreLocatorViewController.swift; sourceTree = "<group>"; };
		FDDCD35529EDE89B001375C1 /* HomeScreenTableViewCell.swift */ = {isa = PBXFileReference; lastKnownFileType = sourcecode.swift; path = HomeScreenTableViewCell.swift; sourceTree = "<group>"; };
/* End PBXFileReference section */

/* Begin PBXFrameworksBuildPhase section */
		B399DFD429E6E169004A8D8F /* Frameworks */ = {
			isa = PBXFrameworksBuildPhase;
			buildActionMask = 2147483647;
			files = (
				B399E02929F060AB004A8D8F /* ParseSwift in Frameworks */,
				FDBD45AC29F03A12009A09D2 /* Nuke in Frameworks */,
			);
			runOnlyForDeploymentPostprocessing = 0;
		};
		B399DFED29E6E16A004A8D8F /* Frameworks */ = {
			isa = PBXFrameworksBuildPhase;
			buildActionMask = 2147483647;
			files = (
			);
			runOnlyForDeploymentPostprocessing = 0;
		};
		B399DFF729E6E16A004A8D8F /* Frameworks */ = {
			isa = PBXFrameworksBuildPhase;
			buildActionMask = 2147483647;
			files = (
			);
			runOnlyForDeploymentPostprocessing = 0;
		};
/* End PBXFrameworksBuildPhase section */

/* Begin PBXGroup section */
		B399DFCE29E6E169004A8D8F = {
			isa = PBXGroup;
			children = (
				B399E02A29F060E4004A8D8F /* .gitignore */,
				B399DFD929E6E169004A8D8F /* Cart Crunch */,
				B399DFF329E6E16A004A8D8F /* Cart CrunchTests */,
				B399DFFD29E6E16A004A8D8F /* Cart CrunchUITests */,
				B399DFD829E6E169004A8D8F /* Products */,
			);
			sourceTree = "<group>";
		};
		B399DFD829E6E169004A8D8F /* Products */ = {
			isa = PBXGroup;
			children = (
				B399DFD729E6E169004A8D8F /* Cart Crunch.app */,
				B399DFF029E6E16A004A8D8F /* Cart CrunchTests.xctest */,
				B399DFFA29E6E16A004A8D8F /* Cart CrunchUITests.xctest */,
			);
			name = Products;
			sourceTree = "<group>";
		};
		B399DFD929E6E169004A8D8F /* Cart Crunch */ = {
			isa = PBXGroup;
			children = (
				E396B4F529E76D80006E737E /* Supporting */,
				B399E01229E708DA004A8D8F /* Models */,
				B399E00F29E70044004A8D8F /* Network */,
				B399E00D29E6F78A004A8D8F /* SceneDelegate.swift */,
				B399DFDA29E6E169004A8D8F /* AppDelegate.swift */,
				B399DFDE29E6E169004A8D8F /* ProductDetailViewController.swift */,
				FD54F1C629E6FDDA00315F99 /* SearchViewController.swift */,
				FD54F1C829E6FDF500315F99 /* WatchListViewController.swift */,
				FD54F1CA29E6FE0700315F99 /* SettingsViewController.swift */,
				FDB6CEAD29E73C3E00C407F1 /* HomeScreenViewController.swift */,
				FDDCD35529EDE89B001375C1 /* HomeScreenTableViewCell.swift */,
				FDDCD35329EDD248001375C1 /* StoreLocatorViewController.swift */,
				B399DFE629E6E16A004A8D8F /* Assets.xcassets */,
				B399DFE829E6E16A004A8D8F /* LaunchScreen.storyboard */,
				B399DFEB29E6E16A004A8D8F /* Info.plist */,
				B399DFE329E6E169004A8D8F /* Cart_Crunch.xcdatamodeld */,
			);
			path = "Cart Crunch";
			sourceTree = "<group>";
		};
		B399DFF329E6E16A004A8D8F /* Cart CrunchTests */ = {
			isa = PBXGroup;
			children = (
				B399DFF429E6E16A004A8D8F /* Cart_CrunchTests.swift */,
			);
			path = "Cart CrunchTests";
			sourceTree = "<group>";
		};
		B399DFFD29E6E16A004A8D8F /* Cart CrunchUITests */ = {
			isa = PBXGroup;
			children = (
				B399DFFE29E6E16A004A8D8F /* Cart_CrunchUITests.swift */,
				B399E00029E6E16A004A8D8F /* Cart_CrunchUITestsLaunchTests.swift */,
			);
			path = "Cart CrunchUITests";
			sourceTree = "<group>";
		};
		B399E00F29E70044004A8D8F /* Network */ = {
			isa = PBXGroup;
			children = (
				B399E01029E70056004A8D8F /* NetworkManager.swift */,
				B399E01529E70E24004A8D8F /* LocationManager.swift */,
			);
			path = Network;
			sourceTree = "<group>";
		};
		B399E01229E708DA004A8D8F /* Models */ = {
			isa = PBXGroup;
			children = (
				B399E01329E708ED004A8D8F /* Product.swift */,
				B399E01729E70F87004A8D8F /* Store.swift */,
				B399E02529F0606D004A8D8F /* User.swift */,
			);
			path = Models;
			sourceTree = "<group>";
		};
		E396B4F529E76D80006E737E /* Supporting */ = {
			isa = PBXGroup;
			children = (
				E396B4F629E76F2E006E737E /* Constants.swift */,
			);
			path = Supporting;
			sourceTree = "<group>";
		};
/* End PBXGroup section */

/* Begin PBXNativeTarget section */
		B399DFD629E6E169004A8D8F /* Cart Crunch */ = {
			isa = PBXNativeTarget;
			buildConfigurationList = B399E00429E6E16A004A8D8F /* Build configuration list for PBXNativeTarget "Cart Crunch" */;
			buildPhases = (
				B399DFD329E6E169004A8D8F /* Sources */,
				B399DFD429E6E169004A8D8F /* Frameworks */,
				B399DFD529E6E169004A8D8F /* Resources */,
			);
			buildRules = (
			);
			dependencies = (
			);
			name = "Cart Crunch";
			packageProductDependencies = (
				B399E02829F060AB004A8D8F /* ParseSwift */,
				FDBD45AB29F03A12009A09D2 /* Nuke */,
			);
			productName = "Cart Crunch";
			productReference = B399DFD729E6E169004A8D8F /* Cart Crunch.app */;
			productType = "com.apple.product-type.application";
		};
		B399DFEF29E6E16A004A8D8F /* Cart CrunchTests */ = {
			isa = PBXNativeTarget;
			buildConfigurationList = B399E00729E6E16A004A8D8F /* Build configuration list for PBXNativeTarget "Cart CrunchTests" */;
			buildPhases = (
				B399DFEC29E6E16A004A8D8F /* Sources */,
				B399DFED29E6E16A004A8D8F /* Frameworks */,
				B399DFEE29E6E16A004A8D8F /* Resources */,
			);
			buildRules = (
			);
			dependencies = (
				B399DFF229E6E16A004A8D8F /* PBXTargetDependency */,
			);
			name = "Cart CrunchTests";
			productName = "Cart CrunchTests";
			productReference = B399DFF029E6E16A004A8D8F /* Cart CrunchTests.xctest */;
			productType = "com.apple.product-type.bundle.unit-test";
		};
		B399DFF929E6E16A004A8D8F /* Cart CrunchUITests */ = {
			isa = PBXNativeTarget;
			buildConfigurationList = B399E00A29E6E16A004A8D8F /* Build configuration list for PBXNativeTarget "Cart CrunchUITests" */;
			buildPhases = (
				B399DFF629E6E16A004A8D8F /* Sources */,
				B399DFF729E6E16A004A8D8F /* Frameworks */,
				B399DFF829E6E16A004A8D8F /* Resources */,
			);
			buildRules = (
			);
			dependencies = (
				B399DFFC29E6E16A004A8D8F /* PBXTargetDependency */,
			);
			name = "Cart CrunchUITests";
			productName = "Cart CrunchUITests";
			productReference = B399DFFA29E6E16A004A8D8F /* Cart CrunchUITests.xctest */;
			productType = "com.apple.product-type.bundle.ui-testing";
		};
/* End PBXNativeTarget section */

/* Begin PBXProject section */
		B399DFCF29E6E169004A8D8F /* Project object */ = {
			isa = PBXProject;
			attributes = {
				BuildIndependentTargetsInParallel = 1;
				LastSwiftUpdateCheck = 1430;
				LastUpgradeCheck = 1430;
				TargetAttributes = {
					B399DFD629E6E169004A8D8F = {
						CreatedOnToolsVersion = 14.3;
					};
					B399DFEF29E6E16A004A8D8F = {
						CreatedOnToolsVersion = 14.3;
						TestTargetID = B399DFD629E6E169004A8D8F;
					};
					B399DFF929E6E16A004A8D8F = {
						CreatedOnToolsVersion = 14.3;
						TestTargetID = B399DFD629E6E169004A8D8F;
					};
				};
			};
			buildConfigurationList = B399DFD229E6E169004A8D8F /* Build configuration list for PBXProject "Cart Crunch" */;
			compatibilityVersion = "Xcode 14.0";
			developmentRegion = en;
			hasScannedForEncodings = 0;
			knownRegions = (
				en,
				Base,
			);
			mainGroup = B399DFCE29E6E169004A8D8F;
			packageReferences = (
				B399E02729F060AB004A8D8F /* XCRemoteSwiftPackageReference "Parse-Swift" */,
				FDBD45AA29F03A11009A09D2 /* XCRemoteSwiftPackageReference "Nuke" */,
			);
			productRefGroup = B399DFD829E6E169004A8D8F /* Products */;
			projectDirPath = "";
			projectRoot = "";
			targets = (
				B399DFD629E6E169004A8D8F /* Cart Crunch */,
				B399DFEF29E6E16A004A8D8F /* Cart CrunchTests */,
				B399DFF929E6E16A004A8D8F /* Cart CrunchUITests */,
			);
		};
/* End PBXProject section */

/* Begin PBXResourcesBuildPhase section */
		B399DFD529E6E169004A8D8F /* Resources */ = {
			isa = PBXResourcesBuildPhase;
			buildActionMask = 2147483647;
			files = (
				B399DFEA29E6E16A004A8D8F /* LaunchScreen.storyboard in Resources */,
				B399E02B29F060E4004A8D8F /* .gitignore in Resources */,
				B399DFE729E6E16A004A8D8F /* Assets.xcassets in Resources */,
			);
			runOnlyForDeploymentPostprocessing = 0;
		};
		B399DFEE29E6E16A004A8D8F /* Resources */ = {
			isa = PBXResourcesBuildPhase;
			buildActionMask = 2147483647;
			files = (
			);
			runOnlyForDeploymentPostprocessing = 0;
		};
		B399DFF829E6E16A004A8D8F /* Resources */ = {
			isa = PBXResourcesBuildPhase;
			buildActionMask = 2147483647;
			files = (
			);
			runOnlyForDeploymentPostprocessing = 0;
		};
/* End PBXResourcesBuildPhase section */

/* Begin PBXSourcesBuildPhase section */
		B399DFD329E6E169004A8D8F /* Sources */ = {
			isa = PBXSourcesBuildPhase;
			buildActionMask = 2147483647;
			files = (
				FD54F1C729E6FDDA00315F99 /* SearchViewController.swift in Sources */,
				FDB6CEAE29E73C3E00C407F1 /* HomeScreenViewController.swift in Sources */,
				FDDCD35429EDD248001375C1 /* StoreLocatorViewController.swift in Sources */,
				B399DFE529E6E169004A8D8F /* Cart_Crunch.xcdatamodeld in Sources */,
				B399E01129E70056004A8D8F /* NetworkManager.swift in Sources */,
				B399E01829E70F87004A8D8F /* Store.swift in Sources */,
				B399E01629E70E24004A8D8F /* LocationManager.swift in Sources */,
				B399E02629F0606D004A8D8F /* User.swift in Sources */,
				B399DFDF29E6E169004A8D8F /* ProductDetailViewController.swift in Sources */,
				E396B4F729E76F2E006E737E /* Constants.swift in Sources */,
				FD54F1CB29E6FE0700315F99 /* SettingsViewController.swift in Sources */,
				B399DFDB29E6E169004A8D8F /* AppDelegate.swift in Sources */,
				FD54F1C929E6FDF500315F99 /* WatchListViewController.swift in Sources */,
				FDDCD35629EDE89B001375C1 /* HomeScreenTableViewCell.swift in Sources */,
				B399E00E29E6F78A004A8D8F /* SceneDelegate.swift in Sources */,
				B399E01429E708ED004A8D8F /* Product.swift in Sources */,
			);
			runOnlyForDeploymentPostprocessing = 0;
		};
		B399DFEC29E6E16A004A8D8F /* Sources */ = {
			isa = PBXSourcesBuildPhase;
			buildActionMask = 2147483647;
			files = (
				B399DFF529E6E16A004A8D8F /* Cart_CrunchTests.swift in Sources */,
			);
			runOnlyForDeploymentPostprocessing = 0;
		};
		B399DFF629E6E16A004A8D8F /* Sources */ = {
			isa = PBXSourcesBuildPhase;
			buildActionMask = 2147483647;
			files = (
				B399DFFF29E6E16A004A8D8F /* Cart_CrunchUITests.swift in Sources */,
				B399E00129E6E16A004A8D8F /* Cart_CrunchUITestsLaunchTests.swift in Sources */,
			);
			runOnlyForDeploymentPostprocessing = 0;
		};
/* End PBXSourcesBuildPhase section */

/* Begin PBXTargetDependency section */
		B399DFF229E6E16A004A8D8F /* PBXTargetDependency */ = {
			isa = PBXTargetDependency;
			target = B399DFD629E6E169004A8D8F /* Cart Crunch */;
			targetProxy = B399DFF129E6E16A004A8D8F /* PBXContainerItemProxy */;
		};
		B399DFFC29E6E16A004A8D8F /* PBXTargetDependency */ = {
			isa = PBXTargetDependency;
			target = B399DFD629E6E169004A8D8F /* Cart Crunch */;
			targetProxy = B399DFFB29E6E16A004A8D8F /* PBXContainerItemProxy */;
		};
/* End PBXTargetDependency section */

/* Begin PBXVariantGroup section */
		B399DFE829E6E16A004A8D8F /* LaunchScreen.storyboard */ = {
			isa = PBXVariantGroup;
			children = (
				B399DFE929E6E16A004A8D8F /* Base */,
			);
			name = LaunchScreen.storyboard;
			sourceTree = "<group>";
		};
/* End PBXVariantGroup section */

/* Begin XCBuildConfiguration section */
		B399E00229E6E16A004A8D8F /* Debug */ = {
			isa = XCBuildConfiguration;
			buildSettings = {
				ALWAYS_SEARCH_USER_PATHS = NO;
				CLANG_ANALYZER_NONNULL = YES;
				CLANG_ANALYZER_NUMBER_OBJECT_CONVERSION = YES_AGGRESSIVE;
				CLANG_CXX_LANGUAGE_STANDARD = "gnu++20";
				CLANG_ENABLE_MODULES = YES;
				CLANG_ENABLE_OBJC_ARC = YES;
				CLANG_ENABLE_OBJC_WEAK = YES;
				CLANG_WARN_BLOCK_CAPTURE_AUTORELEASING = YES;
				CLANG_WARN_BOOL_CONVERSION = YES;
				CLANG_WARN_COMMA = YES;
				CLANG_WARN_CONSTANT_CONVERSION = YES;
				CLANG_WARN_DEPRECATED_OBJC_IMPLEMENTATIONS = YES;
				CLANG_WARN_DIRECT_OBJC_ISA_USAGE = YES_ERROR;
				CLANG_WARN_DOCUMENTATION_COMMENTS = YES;
				CLANG_WARN_EMPTY_BODY = YES;
				CLANG_WARN_ENUM_CONVERSION = YES;
				CLANG_WARN_INFINITE_RECURSION = YES;
				CLANG_WARN_INT_CONVERSION = YES;
				CLANG_WARN_NON_LITERAL_NULL_CONVERSION = YES;
				CLANG_WARN_OBJC_IMPLICIT_RETAIN_SELF = YES;
				CLANG_WARN_OBJC_LITERAL_CONVERSION = YES;
				CLANG_WARN_OBJC_ROOT_CLASS = YES_ERROR;
				CLANG_WARN_QUOTED_INCLUDE_IN_FRAMEWORK_HEADER = YES;
				CLANG_WARN_RANGE_LOOP_ANALYSIS = YES;
				CLANG_WARN_STRICT_PROTOTYPES = YES;
				CLANG_WARN_SUSPICIOUS_MOVE = YES;
				CLANG_WARN_UNGUARDED_AVAILABILITY = YES_AGGRESSIVE;
				CLANG_WARN_UNREACHABLE_CODE = YES;
				CLANG_WARN__DUPLICATE_METHOD_MATCH = YES;
				COPY_PHASE_STRIP = NO;
				DEBUG_INFORMATION_FORMAT = dwarf;
				ENABLE_STRICT_OBJC_MSGSEND = YES;
				ENABLE_TESTABILITY = YES;
				GCC_C_LANGUAGE_STANDARD = gnu11;
				GCC_DYNAMIC_NO_PIC = NO;
				GCC_NO_COMMON_BLOCKS = YES;
				GCC_OPTIMIZATION_LEVEL = 0;
				GCC_PREPROCESSOR_DEFINITIONS = (
					"DEBUG=1",
					"$(inherited)",
				);
				GCC_WARN_64_TO_32_BIT_CONVERSION = YES;
				GCC_WARN_ABOUT_RETURN_TYPE = YES_ERROR;
				GCC_WARN_UNDECLARED_SELECTOR = YES;
				GCC_WARN_UNINITIALIZED_AUTOS = YES_AGGRESSIVE;
				GCC_WARN_UNUSED_FUNCTION = YES;
				GCC_WARN_UNUSED_VARIABLE = YES;
				IPHONEOS_DEPLOYMENT_TARGET = 16.3;
				MTL_ENABLE_DEBUG_INFO = INCLUDE_SOURCE;
				MTL_FAST_MATH = YES;
				ONLY_ACTIVE_ARCH = YES;
				SDKROOT = iphoneos;
				SWIFT_ACTIVE_COMPILATION_CONDITIONS = DEBUG;
				SWIFT_OPTIMIZATION_LEVEL = "-Onone";
			};
			name = Debug;
		};
		B399E00329E6E16A004A8D8F /* Release */ = {
			isa = XCBuildConfiguration;
			buildSettings = {
				ALWAYS_SEARCH_USER_PATHS = NO;
				CLANG_ANALYZER_NONNULL = YES;
				CLANG_ANALYZER_NUMBER_OBJECT_CONVERSION = YES_AGGRESSIVE;
				CLANG_CXX_LANGUAGE_STANDARD = "gnu++20";
				CLANG_ENABLE_MODULES = YES;
				CLANG_ENABLE_OBJC_ARC = YES;
				CLANG_ENABLE_OBJC_WEAK = YES;
				CLANG_WARN_BLOCK_CAPTURE_AUTORELEASING = YES;
				CLANG_WARN_BOOL_CONVERSION = YES;
				CLANG_WARN_COMMA = YES;
				CLANG_WARN_CONSTANT_CONVERSION = YES;
				CLANG_WARN_DEPRECATED_OBJC_IMPLEMENTATIONS = YES;
				CLANG_WARN_DIRECT_OBJC_ISA_USAGE = YES_ERROR;
				CLANG_WARN_DOCUMENTATION_COMMENTS = YES;
				CLANG_WARN_EMPTY_BODY = YES;
				CLANG_WARN_ENUM_CONVERSION = YES;
				CLANG_WARN_INFINITE_RECURSION = YES;
				CLANG_WARN_INT_CONVERSION = YES;
				CLANG_WARN_NON_LITERAL_NULL_CONVERSION = YES;
				CLANG_WARN_OBJC_IMPLICIT_RETAIN_SELF = YES;
				CLANG_WARN_OBJC_LITERAL_CONVERSION = YES;
				CLANG_WARN_OBJC_ROOT_CLASS = YES_ERROR;
				CLANG_WARN_QUOTED_INCLUDE_IN_FRAMEWORK_HEADER = YES;
				CLANG_WARN_RANGE_LOOP_ANALYSIS = YES;
				CLANG_WARN_STRICT_PROTOTYPES = YES;
				CLANG_WARN_SUSPICIOUS_MOVE = YES;
				CLANG_WARN_UNGUARDED_AVAILABILITY = YES_AGGRESSIVE;
				CLANG_WARN_UNREACHABLE_CODE = YES;
				CLANG_WARN__DUPLICATE_METHOD_MATCH = YES;
				COPY_PHASE_STRIP = NO;
				DEBUG_INFORMATION_FORMAT = "dwarf-with-dsym";
				ENABLE_NS_ASSERTIONS = NO;
				ENABLE_STRICT_OBJC_MSGSEND = YES;
				GCC_C_LANGUAGE_STANDARD = gnu11;
				GCC_NO_COMMON_BLOCKS = YES;
				GCC_WARN_64_TO_32_BIT_CONVERSION = YES;
				GCC_WARN_ABOUT_RETURN_TYPE = YES_ERROR;
				GCC_WARN_UNDECLARED_SELECTOR = YES;
				GCC_WARN_UNINITIALIZED_AUTOS = YES_AGGRESSIVE;
				GCC_WARN_UNUSED_FUNCTION = YES;
				GCC_WARN_UNUSED_VARIABLE = YES;
				IPHONEOS_DEPLOYMENT_TARGET = 16.3;
				MTL_ENABLE_DEBUG_INFO = NO;
				MTL_FAST_MATH = YES;
				SDKROOT = iphoneos;
				SWIFT_COMPILATION_MODE = wholemodule;
				SWIFT_OPTIMIZATION_LEVEL = "-O";
				VALIDATE_PRODUCT = YES;
			};
			name = Release;
		};
		B399E00529E6E16A004A8D8F /* Debug */ = {
			isa = XCBuildConfiguration;
			buildSettings = {
				ASSETCATALOG_COMPILER_APPICON_NAME = AppIcon;
				ASSETCATALOG_COMPILER_GLOBAL_ACCENT_COLOR_NAME = AccentColor;
				CODE_SIGN_STYLE = Automatic;
				CURRENT_PROJECT_VERSION = 1;
				DEVELOPMENT_TEAM = XFG5L8LD8A;
				GENERATE_INFOPLIST_FILE = YES;
				INFOPLIST_FILE = "Cart Crunch/Info.plist";
				INFOPLIST_KEY_UIApplicationSupportsIndirectInputEvents = YES;
				INFOPLIST_KEY_UILaunchStoryboardName = LaunchScreen;
				INFOPLIST_KEY_UISupportedInterfaceOrientations_iPad = "UIInterfaceOrientationPortrait UIInterfaceOrientationPortraitUpsideDown UIInterfaceOrientationLandscapeLeft UIInterfaceOrientationLandscapeRight";
				INFOPLIST_KEY_UISupportedInterfaceOrientations_iPhone = "UIInterfaceOrientationPortrait UIInterfaceOrientationLandscapeLeft UIInterfaceOrientationLandscapeRight";
				IPHONEOS_DEPLOYMENT_TARGET = 16.0;
				LD_RUNPATH_SEARCH_PATHS = (
					"$(inherited)",
					"@executable_path/Frameworks",
				);
				MARKETING_VERSION = 1.0;
				PRODUCT_BUNDLE_IDENTIFIER = "TaeVon-Lewis.Cart-Crunch";
				PRODUCT_NAME = "$(TARGET_NAME)";
				SWIFT_EMIT_LOC_STRINGS = YES;
				SWIFT_VERSION = 5.0;
				TARGETED_DEVICE_FAMILY = "1,2";
			};
			name = Debug;
		};
		B399E00629E6E16A004A8D8F /* Release */ = {
			isa = XCBuildConfiguration;
			buildSettings = {
				ASSETCATALOG_COMPILER_APPICON_NAME = AppIcon;
				ASSETCATALOG_COMPILER_GLOBAL_ACCENT_COLOR_NAME = AccentColor;
				CODE_SIGN_STYLE = Automatic;
				CURRENT_PROJECT_VERSION = 1;
				DEVELOPMENT_TEAM = XFG5L8LD8A;
				GENERATE_INFOPLIST_FILE = YES;
				INFOPLIST_FILE = "Cart Crunch/Info.plist";
				INFOPLIST_KEY_UIApplicationSupportsIndirectInputEvents = YES;
				INFOPLIST_KEY_UILaunchStoryboardName = LaunchScreen;
				INFOPLIST_KEY_UISupportedInterfaceOrientations_iPad = "UIInterfaceOrientationPortrait UIInterfaceOrientationPortraitUpsideDown UIInterfaceOrientationLandscapeLeft UIInterfaceOrientationLandscapeRight";
				INFOPLIST_KEY_UISupportedInterfaceOrientations_iPhone = "UIInterfaceOrientationPortrait UIInterfaceOrientationLandscapeLeft UIInterfaceOrientationLandscapeRight";
				IPHONEOS_DEPLOYMENT_TARGET = 16.0;
				LD_RUNPATH_SEARCH_PATHS = (
					"$(inherited)",
					"@executable_path/Frameworks",
				);
				MARKETING_VERSION = 1.0;
				PRODUCT_BUNDLE_IDENTIFIER = "TaeVon-Lewis.Cart-Crunch";
				PRODUCT_NAME = "$(TARGET_NAME)";
				SWIFT_EMIT_LOC_STRINGS = YES;
				SWIFT_VERSION = 5.0;
				TARGETED_DEVICE_FAMILY = "1,2";
			};
			name = Release;
		};
		B399E00829E6E16A004A8D8F /* Debug */ = {
			isa = XCBuildConfiguration;
			buildSettings = {
				ALWAYS_EMBED_SWIFT_STANDARD_LIBRARIES = YES;
				BUNDLE_LOADER = "$(TEST_HOST)";
				CODE_SIGN_STYLE = Automatic;
				CURRENT_PROJECT_VERSION = 1;
				DEVELOPMENT_TEAM = XFG5L8LD8A;
				GENERATE_INFOPLIST_FILE = YES;
				IPHONEOS_DEPLOYMENT_TARGET = 16.4;
				MARKETING_VERSION = 1.0;
				PRODUCT_BUNDLE_IDENTIFIER = "TaeVon-Lewis.Cart-CrunchTests";
				PRODUCT_NAME = "$(TARGET_NAME)";
				SWIFT_EMIT_LOC_STRINGS = NO;
				SWIFT_VERSION = 5.0;
				TARGETED_DEVICE_FAMILY = "1,2";
				TEST_HOST = "$(BUILT_PRODUCTS_DIR)/Cart Crunch.app/$(BUNDLE_EXECUTABLE_FOLDER_PATH)/Cart Crunch";
			};
			name = Debug;
		};
		B399E00929E6E16A004A8D8F /* Release */ = {
			isa = XCBuildConfiguration;
			buildSettings = {
				ALWAYS_EMBED_SWIFT_STANDARD_LIBRARIES = YES;
				BUNDLE_LOADER = "$(TEST_HOST)";
				CODE_SIGN_STYLE = Automatic;
				CURRENT_PROJECT_VERSION = 1;
				DEVELOPMENT_TEAM = XFG5L8LD8A;
				GENERATE_INFOPLIST_FILE = YES;
				IPHONEOS_DEPLOYMENT_TARGET = 16.4;
				MARKETING_VERSION = 1.0;
				PRODUCT_BUNDLE_IDENTIFIER = "TaeVon-Lewis.Cart-CrunchTests";
				PRODUCT_NAME = "$(TARGET_NAME)";
				SWIFT_EMIT_LOC_STRINGS = NO;
				SWIFT_VERSION = 5.0;
				TARGETED_DEVICE_FAMILY = "1,2";
				TEST_HOST = "$(BUILT_PRODUCTS_DIR)/Cart Crunch.app/$(BUNDLE_EXECUTABLE_FOLDER_PATH)/Cart Crunch";
			};
			name = Release;
		};
		B399E00B29E6E16A004A8D8F /* Debug */ = {
			isa = XCBuildConfiguration;
			buildSettings = {
				ALWAYS_EMBED_SWIFT_STANDARD_LIBRARIES = YES;
				CODE_SIGN_STYLE = Automatic;
				CURRENT_PROJECT_VERSION = 1;
				DEVELOPMENT_TEAM = XFG5L8LD8A;
				GENERATE_INFOPLIST_FILE = YES;
				MARKETING_VERSION = 1.0;
				PRODUCT_BUNDLE_IDENTIFIER = "TaeVon-Lewis.Cart-CrunchUITests";
				PRODUCT_NAME = "$(TARGET_NAME)";
				SWIFT_EMIT_LOC_STRINGS = NO;
				SWIFT_VERSION = 5.0;
				TARGETED_DEVICE_FAMILY = "1,2";
				TEST_TARGET_NAME = "Cart Crunch";
			};
			name = Debug;
		};
		B399E00C29E6E16A004A8D8F /* Release */ = {
			isa = XCBuildConfiguration;
			buildSettings = {
				ALWAYS_EMBED_SWIFT_STANDARD_LIBRARIES = YES;
				CODE_SIGN_STYLE = Automatic;
				CURRENT_PROJECT_VERSION = 1;
				DEVELOPMENT_TEAM = XFG5L8LD8A;
				GENERATE_INFOPLIST_FILE = YES;
				MARKETING_VERSION = 1.0;
				PRODUCT_BUNDLE_IDENTIFIER = "TaeVon-Lewis.Cart-CrunchUITests";
				PRODUCT_NAME = "$(TARGET_NAME)";
				SWIFT_EMIT_LOC_STRINGS = NO;
				SWIFT_VERSION = 5.0;
				TARGETED_DEVICE_FAMILY = "1,2";
				TEST_TARGET_NAME = "Cart Crunch";
			};
			name = Release;
		};
/* End XCBuildConfiguration section */

/* Begin XCConfigurationList section */
		B399DFD229E6E169004A8D8F /* Build configuration list for PBXProject "Cart Crunch" */ = {
			isa = XCConfigurationList;
			buildConfigurations = (
				B399E00229E6E16A004A8D8F /* Debug */,
				B399E00329E6E16A004A8D8F /* Release */,
			);
			defaultConfigurationIsVisible = 0;
			defaultConfigurationName = Release;
		};
		B399E00429E6E16A004A8D8F /* Build configuration list for PBXNativeTarget "Cart Crunch" */ = {
			isa = XCConfigurationList;
			buildConfigurations = (
				B399E00529E6E16A004A8D8F /* Debug */,
				B399E00629E6E16A004A8D8F /* Release */,
			);
			defaultConfigurationIsVisible = 0;
			defaultConfigurationName = Release;
		};
		B399E00729E6E16A004A8D8F /* Build configuration list for PBXNativeTarget "Cart CrunchTests" */ = {
			isa = XCConfigurationList;
			buildConfigurations = (
				B399E00829E6E16A004A8D8F /* Debug */,
				B399E00929E6E16A004A8D8F /* Release */,
			);
			defaultConfigurationIsVisible = 0;
			defaultConfigurationName = Release;
		};
		B399E00A29E6E16A004A8D8F /* Build configuration list for PBXNativeTarget "Cart CrunchUITests" */ = {
			isa = XCConfigurationList;
			buildConfigurations = (
				B399E00B29E6E16A004A8D8F /* Debug */,
				B399E00C29E6E16A004A8D8F /* Release */,
			);
			defaultConfigurationIsVisible = 0;
			defaultConfigurationName = Release;
		};
/* End XCConfigurationList section */

/* Begin XCRemoteSwiftPackageReference section */
		B399E02729F060AB004A8D8F /* XCRemoteSwiftPackageReference "Parse-Swift" */ = {
			isa = XCRemoteSwiftPackageReference;
			repositoryURL = "https://github.com/parse-community/Parse-Swift.git";
			requirement = {
				kind = upToNextMajorVersion;
				minimumVersion = 4.0.0;
		FDBD45AA29F03A11009A09D2 /* XCRemoteSwiftPackageReference "Nuke" */ = {
			isa = XCRemoteSwiftPackageReference;
			repositoryURL = "https://github.com/kean/Nuke.git";
			requirement = {
				kind = upToNextMajorVersion;
				minimumVersion = 9.0.0;
			};
		};
/* End XCRemoteSwiftPackageReference section */

/* Begin XCSwiftPackageProductDependency section */
		B399E02829F060AB004A8D8F /* ParseSwift */ = {
			isa = XCSwiftPackageProductDependency;
			package = B399E02729F060AB004A8D8F /* XCRemoteSwiftPackageReference "Parse-Swift" */;
			productName = ParseSwift;
		FDBD45AB29F03A12009A09D2 /* Nuke */ = {
			isa = XCSwiftPackageProductDependency;
			package = FDBD45AA29F03A11009A09D2 /* XCRemoteSwiftPackageReference "Nuke" */;
			productName = Nuke;
		};
/* End XCSwiftPackageProductDependency section */

/* Begin XCVersionGroup section */
		B399DFE329E6E169004A8D8F /* Cart_Crunch.xcdatamodeld */ = {
			isa = XCVersionGroup;
			children = (
				B399DFE429E6E169004A8D8F /* Cart_Crunch.xcdatamodel */,
			);
			currentVersion = B399DFE429E6E169004A8D8F /* Cart_Crunch.xcdatamodel */;
			path = Cart_Crunch.xcdatamodeld;
			sourceTree = "<group>";
			versionGroupType = wrapper.xcdatamodel;
		};
/* End XCVersionGroup section */
	};
	rootObject = B399DFCF29E6E169004A8D8F /* Project object */;
}
